
Microsoft Visual Studio Solution File, Format Version 12.00
# Visual Studio Version 16
VisualStudioVersion = 16.0.30907.101
MinimumVisualStudioVersion = 10.0.40219.1
Project("{FAE04EC0-301F-11D3-BF4B-00C04F79EFBC}") = "BloodBank", "BloodBank.csproj", "{28C1AD02-9614-4738-A1F1-7C2C2DD7640F}"
EndProject
Global
	GlobalSection(SolutionConfigurationPlatforms) = preSolution
		Debug|Any CPU = Debug|Any CPU
		Release|Any CPU = Release|Any CPU
	EndGlobalSection
	GlobalSection(ProjectConfigurationPlatforms) = postSolution
		{28C1AD02-9614-4738-A1F1-7C2C2DD7640F}.Debug|Any CPU.ActiveCfg = Debug|Any CPU
		{28C1AD02-9614-4738-A1F1-7C2C2DD7640F}.Debug|Any CPU.Build.0 = Debug|Any CPU
		{28C1AD02-9614-4738-A1F1-7C2C2DD7640F}.Release|Any CPU.ActiveCfg = Release|Any CPU
		{28C1AD02-9614-4738-A1F1-7C2C2DD7640F}.Release|Any CPU.Build.0 = Release|Any CPU
	EndGlobalSection
	GlobalSection(SolutionProperties) = preSolution
		HideSolutionNode = FALSE
	EndGlobalSection
	GlobalSection(ExtensibilityGlobals) = postSolution
		SolutionGuid = {DD1E3464-5587-40AD-A5DB-8F93437F8827}
	EndGlobalSection
EndGlobal
